
Microsoft Visual Studio Solution File, Format Version 12.00
# Visual Studio 15
VisualStudioVersion = 15.0.28307.645
MinimumVisualStudioVersion = 10.0.40219.1
Project("{FAE04EC0-301F-11D3-BF4B-00C04F79EFBC}") = "GitHubTest", "GitHubTest\GitHubTest.csproj", "{64C5C4B1-FD44-4ED4-B2B8-182A0D9E3976}"
EndProject
Global
	GlobalSection(SolutionConfigurationPlatforms) = preSolution
		Debug|Any CPU = Debug|Any CPU
		Release|Any CPU = Release|Any CPU
	EndGlobalSection
	GlobalSection(ProjectConfigurationPlatforms) = postSolution
		{64C5C4B1-FD44-4ED4-B2B8-182A0D9E3976}.Debug|Any CPU.ActiveCfg = Debug|Any CPU
		{64C5C4B1-FD44-4ED4-B2B8-182A0D9E3976}.Debug|Any CPU.Build.0 = Debug|Any CPU
		{64C5C4B1-FD44-4ED4-B2B8-182A0D9E3976}.Release|Any CPU.ActiveCfg = Release|Any CPU
		{64C5C4B1-FD44-4ED4-B2B8-182A0D9E3976}.Release|Any CPU.Build.0 = Release|Any CPU
	EndGlobalSection
	GlobalSection(SolutionProperties) = preSolution
		HideSolutionNode = FALSE
	EndGlobalSection
	GlobalSection(ExtensibilityGlobals) = postSolution
		SolutionGuid = {8D255EC4-9DBE-4AAB-BF5C-C164E839E7EC}
	EndGlobalSection
EndGlobal
